// !$*UTF8*$!
{
	archiveVersion = 1;
	classes = {
	};
	objectVersion = 77;
	objects = {

/* Begin PBXContainerItemProxy section */
		2D1D7CB72EBAB594009ED1C4 /* PBXContainerItemProxy */ = {
			isa = PBXContainerItemProxy;
			containerPortal = 2D3FFAAF2EBA571800EC2D08 /* Project object */;
			proxyType = 1;
			remoteGlobalIDString = 2D1D7CA62EBAB593009ED1C4;
			remoteInfo = CodeSpellOracle;
		};
		2D1D7CC12EBAB594009ED1C4 /* PBXContainerItemProxy */ = {
			isa = PBXContainerItemProxy;
			containerPortal = 2D3FFAAF2EBA571800EC2D08 /* Project object */;
			proxyType = 1;
			remoteGlobalIDString = 2D1D7CA62EBAB593009ED1C4;
			remoteInfo = CodeSpellOracle;
		};
		2D3FFAC62EBA571900EC2D08 /* PBXContainerItemProxy */ = {
			isa = PBXContainerItemProxy;
			containerPortal = 2D3FFAAF2EBA571800EC2D08 /* Project object */;
			proxyType = 1;
			remoteGlobalIDString = 2D3FFAB62EBA571900EC2D08;
			remoteInfo = "CodeSpellOracle";
		};
		2D3FFAD02EBA571900EC2D08 /* PBXContainerItemProxy */ = {
			isa = PBXContainerItemProxy;
			containerPortal = 2D3FFAAF2EBA571800EC2D08 /* Project object */;
			proxyType = 1;
			remoteGlobalIDString = 2D3FFAB62EBA571900EC2D08;
			remoteInfo = "CodeSpellOracle";
		};
/* End PBXContainerItemProxy section */

/* Begin PBXFileReference section */
		2D1D7CA72EBAB593009ED1C4 /* CodeSpellOracle.app */ = {isa = PBXFileReference; explicitFileType = wrapper.application; includeInIndex = 0; path = CodeSpellOracle.app; sourceTree = BUILT_PRODUCTS_DIR; };
		2D1D7CB62EBAB594009ED1C4 /* CodeSpellOracleTests.xctest */ = {isa = PBXFileReference; explicitFileType = wrapper.cfbundle; includeInIndex = 0; path = CodeSpellOracleTests.xctest; sourceTree = BUILT_PRODUCTS_DIR; };
		2D1D7CC02EBAB594009ED1C4 /* CodeSpellOracleUITests.xctest */ = {isa = PBXFileReference; explicitFileType = wrapper.cfbundle; includeInIndex = 0; path = CodeSpellOracleUITests.xctest; sourceTree = BUILT_PRODUCTS_DIR; };
		2D1D7D5A2EBAF6E0009ED1C4 /* CodeSpellOracle.xcodeproj */ = {isa = PBXFileReference; lastKnownFileType = "wrapper.pb-project"; path = "CodeSpellOracle.xcodeproj"; sourceTree = "<group>"; };
		2D3FFAB72EBA571900EC2D08 /* CodeSpellOracle.app */ = {isa = PBXFileReference; explicitFileType = wrapper.application; includeInIndex = 0; path = "CodeSpellOracle.app"; sourceTree = BUILT_PRODUCTS_DIR; };
		2D3FFAC52EBA571900EC2D08 /* CodeSpellOracleTests.xctest */ = {isa = PBXFileReference; explicitFileType = wrapper.cfbundle; includeInIndex = 0; path = "CodeSpellOracleTests.xctest"; sourceTree = BUILT_PRODUCTS_DIR; };
		2D3FFACF2EBA571900EC2D08 /* CodeSpellOracleUITests.xctest */ = {isa = PBXFileReference; explicitFileType = wrapper.cfbundle; includeInIndex = 0; path = "CodeSpellOracleUITests.xctest"; sourceTree = BUILT_PRODUCTS_DIR; };
/* End PBXFileReference section */

/* Begin PBXFileSystemSynchronizedBuildFileExceptionSet section */
		2D1D7D3F2EBAF11A009ED1C4 /* Exceptions for "CodeSpellOracle" folder in "CodeSpellOracle" target */ = {
			isa = PBXFileSystemSynchronizedBuildFileExceptionSet;
			membershipExceptions = (
				"CodeSpellOracle/CodeSpellOracleApp.swift",
				"CodeSpellOracle/Models/Achievement.swift",
				"CodeSpellOracle/Models/Level.swift",
				"CodeSpellOracle/Models/LevelDefinitions.swift",
				"CodeSpellOracle/Models/PlayerProfile.swift",
				"CodeSpellOracle/Services/GameState.swift",
				"CodeSpellOracle/Services/HapticsService.swift",
				"CodeSpellOracle/Services/PythonSandboxService.swift",
				"CodeSpellOracle/Services/SaveSystem.swift",
				"CodeSpellOracle/Services/WindowManager.swift",
				"CodeSpellOracle/Utilities/AnimationHelpers.swift",
				"CodeSpellOracle/Utilities/ColorTheme.swift",
				"CodeSpellOracle/Utilities/DesignModifiers.swift",
				"CodeSpellOracle/Utilities/PremiumTheme.swift",
				"CodeSpellOracle/Utilities/Theme.swift",
				"CodeSpellOracle/Views/AchievementView.swift",
				"CodeSpellOracle/Views/Components/ButtonStyles.swift",
				"CodeSpellOracle/Views/Components/ProgressBars.swift",
				"CodeSpellOracle/Views/Components/SkeletonView.swift",
				"CodeSpellOracle/Views/Components/Toast.swift",
				"CodeSpellOracle/Views/ContentWrapperView.swift",
				"CodeSpellOracle/Views/LeaderboardView.swift",
				"CodeSpellOracle/Views/LevelSelectionView.swift",
				"CodeSpellOracle/Views/MainGameView.swift",
				"CodeSpellOracle/Views/MainGameViewPremium.swift",
				"CodeSpellOracle/Views/SettingsView.swift",
				"CodeSpellOracle/Views/TutorialView.swift",
			);
			target = 2D3FFAB62EBA571900EC2D08 /* CodeSpellOracle */;
		};
		2D1D7D402EBAF11A009ED1C4 /* Exceptions for "CodeSpellOracle" folder in "CodeSpellOracle" target */ = {
			isa = PBXFileSystemSynchronizedBuildFileExceptionSet;
			membershipExceptions = (
				"CodeSpellOracle/CodeSpellOracleApp.swift",
				"CodeSpellOracle/Models/Achievement.swift",
				"CodeSpellOracle/Models/Level.swift",
				"CodeSpellOracle/Models/LevelDefinitions.swift",
				"CodeSpellOracle/Models/PlayerProfile.swift",
				"CodeSpellOracle/Services/GameState.swift",
				"CodeSpellOracle/Services/HapticsService.swift",
				"CodeSpellOracle/Services/PythonSandboxService.swift",
				"CodeSpellOracle/Services/SaveSystem.swift",
				"CodeSpellOracle/Services/WindowManager.swift",
				"CodeSpellOracle/Utilities/AnimationHelpers.swift",
				"CodeSpellOracle/Utilities/ColorTheme.swift",
				"CodeSpellOracle/Utilities/DesignModifiers.swift",
				"CodeSpellOracle/Utilities/PremiumTheme.swift",
				"CodeSpellOracle/Utilities/Theme.swift",
				"CodeSpellOracle/Views/AchievementView.swift",
				"CodeSpellOracle/Views/Components/ButtonStyles.swift",
				"CodeSpellOracle/Views/Components/ProgressBars.swift",
				"CodeSpellOracle/Views/Components/SkeletonView.swift",
				"CodeSpellOracle/Views/Components/Toast.swift",
				"CodeSpellOracle/Views/ContentWrapperView.swift",
				"CodeSpellOracle/Views/LeaderboardView.swift",
				"CodeSpellOracle/Views/LevelSelectionView.swift",
				"CodeSpellOracle/Views/MainGameView.swift",
				"CodeSpellOracle/Views/MainGameViewPremium.swift",
				"CodeSpellOracle/Views/SettingsView.swift",
				"CodeSpellOracle/Views/TutorialView.swift",
			);
			target = 2D1D7CA62EBAB593009ED1C4 /* CodeSpellOracle */;
		};
/* End PBXFileSystemSynchronizedBuildFileExceptionSet section */

/* Begin PBXFileSystemSynchronizedRootGroup section */
		2D1D7CA82EBAB593009ED1C4 /* CodeSpellOracle */ = {
			isa = PBXFileSystemSynchronizedRootGroup;
			exceptions = (
				2D1D7D3F2EBAF11A009ED1C4 /* Exceptions for "CodeSpellOracle" folder in "CodeSpellOracle" target */,
				2D1D7D402EBAF11A009ED1C4 /* Exceptions for "CodeSpellOracle" folder in "CodeSpellOracle" target */,
			);
			path = CodeSpellOracle;
			sourceTree = "<group>";
		};
		2D1D7CB92EBAB594009ED1C4 /* CodeSpellOracleTests */ = {
			isa = PBXFileSystemSynchronizedRootGroup;
			path = CodeSpellOracleTests;
			sourceTree = "<group>";
		};
		2D1D7CC32EBAB594009ED1C4 /* CodeSpellOracleUITests */ = {
			isa = PBXFileSystemSynchronizedRootGroup;
			path = CodeSpellOracleUITests;
			sourceTree = "<group>";
		};
/* End PBXFileSystemSynchronizedRootGroup section */

/* Begin PBXFrameworksBuildPhase section */
		2D1D7CA42EBAB593009ED1C4 /* Frameworks */ = {
			isa = PBXFrameworksBuildPhase;
			buildActionMask = 2147483647;
			files = (
			);
			runOnlyForDeploymentPostprocessing = 0;
		};
		2D1D7CB32EBAB594009ED1C4 /* Frameworks */ = {
			isa = PBXFrameworksBuildPhase;
			buildActionMask = 2147483647;
			files = (
			);
			runOnlyForDeploymentPostprocessing = 0;
		};
		2D1D7CBD2EBAB594009ED1C4 /* Frameworks */ = {
			isa = PBXFrameworksBuildPhase;
			buildActionMask = 2147483647;
			files = (
			);
			runOnlyForDeploymentPostprocessing = 0;
		};
		2D3FFAB42EBA571900EC2D08 /* Frameworks */ = {
			isa = PBXFrameworksBuildPhase;
			buildActionMask = 2147483647;
			files = (
			);
			runOnlyForDeploymentPostprocessing = 0;
		};
		2D3FFAC22EBA571900EC2D08 /* Frameworks */ = {
			isa = PBXFrameworksBuildPhase;
			buildActionMask = 2147483647;
			files = (
			);
			runOnlyForDeploymentPostprocessing = 0;
		};
		2D3FFACC2EBA571900EC2D08 /* Frameworks */ = {
			isa = PBXFrameworksBuildPhase;
			buildActionMask = 2147483647;
			files = (
			);
			runOnlyForDeploymentPostprocessing = 0;
		};
/* End PBXFrameworksBuildPhase section */

/* Begin PBXGroup section */
		2D1D7D992EBAF756009ED1C4 /* Products */ = {
			isa = PBXGroup;
			children = (
			);
			name = Products;
			sourceTree = "<group>";
		};
		2D3FFAAE2EBA571800EC2D08 = {
			isa = PBXGroup;
			children = (
				2D1D7CA82EBAB593009ED1C4 /* CodeSpellOracle */,
				2D1D7CB92EBAB594009ED1C4 /* CodeSpellOracleTests */,
				2D1D7CC32EBAB594009ED1C4 /* CodeSpellOracleUITests */,
				2D3FFAB82EBA571900EC2D08 /* Products */,
			);
			sourceTree = "<group>";
		};
		2D3FFAB82EBA571900EC2D08 /* Products */ = {
			isa = PBXGroup;
			children = (
				2D3FFAB72EBA571900EC2D08 /* CodeSpellOracle.app */,
				2D3FFAC52EBA571900EC2D08 /* CodeSpellOracleTests.xctest */,
				2D3FFACF2EBA571900EC2D08 /* CodeSpellOracleUITests.xctest */,
				2D1D7CA72EBAB593009ED1C4 /* CodeSpellOracle.app */,
				2D1D7CB62EBAB594009ED1C4 /* CodeSpellOracleTests.xctest */,
				2D1D7CC02EBAB594009ED1C4 /* CodeSpellOracleUITests.xctest */,
			);
			name = Products;
			sourceTree = "<group>";
		};
/* End PBXGroup section */

/* Begin PBXNativeTarget section */
		2D1D7CA62EBAB593009ED1C4 /* CodeSpellOracle */ = {
			isa = PBXNativeTarget;
			buildConfigurationList = 2D1D7CC82EBAB594009ED1C4 /* Build configuration list for PBXNativeTarget "CodeSpellOracle" */;
			buildPhases = (
				2D1D7CA32EBAB593009ED1C4 /* Sources */,
				2D1D7CA42EBAB593009ED1C4 /* Frameworks */,
				2D1D7CA52EBAB593009ED1C4 /* Resources */,
			);
			buildRules = (
			);
			dependencies = (
			);
			fileSystemSynchronizedGroups = (
				2D1D7CA82EBAB593009ED1C4 /* CodeSpellOracle */,
			);
			name = CodeSpellOracle;
			packageProductDependencies = (
			);
			productName = CodeSpellOracle;
			productReference = 2D1D7CA72EBAB593009ED1C4 /* CodeSpellOracle.app */;
			productType = "com.apple.product-type.application";
		};
		2D1D7CB52EBAB594009ED1C4 /* CodeSpellOracleTests */ = {
			isa = PBXNativeTarget;
			buildConfigurationList = 2D1D7CCB2EBAB594009ED1C4 /* Build configuration list for PBXNativeTarget "CodeSpellOracleTests" */;
			buildPhases = (
				2D1D7CB22EBAB594009ED1C4 /* Sources */,
				2D1D7CB32EBAB594009ED1C4 /* Frameworks */,
				2D1D7CB42EBAB594009ED1C4 /* Resources */,
			);
			buildRules = (
			);
			dependencies = (
				2D1D7CB82EBAB594009ED1C4 /* PBXTargetDependency */,
			);
			fileSystemSynchronizedGroups = (
				2D1D7CB92EBAB594009ED1C4 /* CodeSpellOracleTests */,
			);
			name = CodeSpellOracleTests;
			packageProductDependencies = (
			);
			productName = CodeSpellOracleTests;
			productReference = 2D1D7CB62EBAB594009ED1C4 /* CodeSpellOracleTests.xctest */;
			productType = "com.apple.product-type.bundle.unit-test";
		};
		2D1D7CBF2EBAB594009ED1C4 /* CodeSpellOracleUITests */ = {
			isa = PBXNativeTarget;
			buildConfigurationList = 2D1D7CCE2EBAB594009ED1C4 /* Build configuration list for PBXNativeTarget "CodeSpellOracleUITests" */;
			buildPhases = (
				2D1D7CBC2EBAB594009ED1C4 /* Sources */,
				2D1D7CBD2EBAB594009ED1C4 /* Frameworks */,
				2D1D7CBE2EBAB594009ED1C4 /* Resources */,
			);
			buildRules = (
			);
			dependencies = (
				2D1D7CC22EBAB594009ED1C4 /* PBXTargetDependency */,
			);
			fileSystemSynchronizedGroups = (
				2D1D7CC32EBAB594009ED1C4 /* CodeSpellOracleUITests */,
			);
			name = CodeSpellOracleUITests;
			packageProductDependencies = (
			);
			productName = CodeSpellOracleUITests;
			productReference = 2D1D7CC02EBAB594009ED1C4 /* CodeSpellOracleUITests.xctest */;
			productType = "com.apple.product-type.bundle.ui-testing";
		};
		2D3FFAB62EBA571900EC2D08 /* CodeSpellOracle */ = {
			isa = PBXNativeTarget;
			buildConfigurationList = 2D3FFAD92EBA571900EC2D08 /* Build configuration list for PBXNativeTarget "CodeSpellOracle" */;
			buildPhases = (
				2D3FFAB32EBA571900EC2D08 /* Sources */,
				2D3FFAB42EBA571900EC2D08 /* Frameworks */,
				2D3FFAB52EBA571900EC2D08 /* Resources */,
			);
			buildRules = (
			);
			dependencies = (
			);
			name = "CodeSpellOracle";
			packageProductDependencies = (
			);
			productName = "CodeSpellOracle";
			productReference = 2D3FFAB72EBA571900EC2D08 /* CodeSpellOracle.app */;
			productType = "com.apple.product-type.application";
		};
		2D3FFAC42EBA571900EC2D08 /* CodeSpellOracleTests */ = {
			isa = PBXNativeTarget;
			buildConfigurationList = 2D3FFADC2EBA571900EC2D08 /* Build configuration list for PBXNativeTarget "CodeSpellOracleTests" */;
			buildPhases = (
				2D3FFAC12EBA571900EC2D08 /* Sources */,
				2D3FFAC22EBA571900EC2D08 /* Frameworks */,
				2D3FFAC32EBA571900EC2D08 /* Resources */,
			);
			buildRules = (
			);
			dependencies = (
				2D3FFAC72EBA571900EC2D08 /* PBXTargetDependency */,
			);
			name = "CodeSpellOracleTests";
			packageProductDependencies = (
			);
			productName = "CodeSpellOracleTests";
			productReference = 2D3FFAC52EBA571900EC2D08 /* CodeSpellOracleTests.xctest */;
			productType = "com.apple.product-type.bundle.unit-test";
		};
		2D3FFACE2EBA571900EC2D08 /* CodeSpellOracleUITests */ = {
			isa = PBXNativeTarget;
			buildConfigurationList = 2D3FFADF2EBA571900EC2D08 /* Build configuration list for PBXNativeTarget "CodeSpellOracleUITests" */;
			buildPhases = (
				2D3FFACB2EBA571900EC2D08 /* Sources */,
				2D3FFACC2EBA571900EC2D08 /* Frameworks */,
				2D3FFACD2EBA571900EC2D08 /* Resources */,
			);
			buildRules = (
			);
			dependencies = (
				2D3FFAD12EBA571900EC2D08 /* PBXTargetDependency */,
			);
			name = "CodeSpellOracleUITests";
			packageProductDependencies = (
			);
			productName = "CodeSpellOracleUITests";
			productReference = 2D3FFACF2EBA571900EC2D08 /* CodeSpellOracleUITests.xctest */;
			productType = "com.apple.product-type.bundle.ui-testing";
		};
/* End PBXNativeTarget section */

/* Begin PBXProject section */
		2D3FFAAF2EBA571800EC2D08 /* Project object */ = {
			isa = PBXProject;
			attributes = {
				BuildIndependentTargetsInParallel = 1;
				LastSwiftUpdateCheck = 1640;
				LastUpgradeCheck = 1640;
				TargetAttributes = {
					2D1D7CA62EBAB593009ED1C4 = {
						CreatedOnToolsVersion = 16.4;
						LastSwiftMigration = 1640;
					};
					2D1D7CB52EBAB594009ED1C4 = {
						CreatedOnToolsVersion = 16.4;
						TestTargetID = 2D1D7CA62EBAB593009ED1C4;
					};
					2D1D7CBF2EBAB594009ED1C4 = {
						CreatedOnToolsVersion = 16.4;
						TestTargetID = 2D1D7CA62EBAB593009ED1C4;
					};
					2D3FFAB62EBA571900EC2D08 = {
						CreatedOnToolsVersion = 16.4;
					};
					2D3FFAC42EBA571900EC2D08 = {
						CreatedOnToolsVersion = 16.4;
						TestTargetID = 2D3FFAB62EBA571900EC2D08;
					};
					2D3FFACE2EBA571900EC2D08 = {
						CreatedOnToolsVersion = 16.4;
						TestTargetID = 2D3FFAB62EBA571900EC2D08;
					};
				};
			};
			buildConfigurationList = 2D3FFAB22EBA571800EC2D08 /* Build configuration list for PBXProject "CodeSpellOracle" */;
			developmentRegion = en;
			hasScannedForEncodings = 0;
			knownRegions = (
				en,
				Base,
			);
			mainGroup = 2D3FFAAE2EBA571800EC2D08;
			minimizedProjectReferenceProxies = 1;
			preferredProjectObjectVersion = 77;
			productRefGroup = 2D3FFAB82EBA571900EC2D08 /* Products */;
			projectDirPath = "";
			projectReferences = (
				{
					ProductGroup = 2D1D7D992EBAF756009ED1C4 /* Products */;
					ProjectRef = 2D1D7D5A2EBAF6E0009ED1C4 /* CodeSpellOracle.xcodeproj */;
				},
			);
			projectRoot = "";
			targets = (
				2D3FFAB62EBA571900EC2D08 /* CodeSpellOracle */,
				2D3FFAC42EBA571900EC2D08 /* CodeSpellOracleTests */,
				2D3FFACE2EBA571900EC2D08 /* CodeSpellOracleUITests */,
				2D1D7CA62EBAB593009ED1C4 /* CodeSpellOracle */,
				2D1D7CB52EBAB594009ED1C4 /* CodeSpellOracleTests */,
				2D1D7CBF2EBAB594009ED1C4 /* CodeSpellOracleUITests */,
			);
		};
/* End PBXProject section */

/* Begin PBXResourcesBuildPhase section */
		2D1D7CA52EBAB593009ED1C4 /* Resources */ = {
			isa = PBXResourcesBuildPhase;
			buildActionMask = 2147483647;
			files = (
			);
			runOnlyForDeploymentPostprocessing = 0;
		};
		2D1D7CB42EBAB594009ED1C4 /* Resources */ = {
			isa = PBXResourcesBuildPhase;
			buildActionMask = 2147483647;
			files = (
			);
			runOnlyForDeploymentPostprocessing = 0;
		};
		2D1D7CBE2EBAB594009ED1C4 /* Resources */ = {
			isa = PBXResourcesBuildPhase;
			buildActionMask = 2147483647;
			files = (
			);
			runOnlyForDeploymentPostprocessing = 0;
		};
		2D3FFAB52EBA571900EC2D08 /* Resources */ = {
			isa = PBXResourcesBuildPhase;
			buildActionMask = 2147483647;
			files = (
			);
			runOnlyForDeploymentPostprocessing = 0;
		};
		2D3FFAC32EBA571900EC2D08 /* Resources */ = {
			isa = PBXResourcesBuildPhase;
			buildActionMask = 2147483647;
			files = (
			);
			runOnlyForDeploymentPostprocessing = 0;
		};
		2D3FFACD2EBA571900EC2D08 /* Resources */ = {
			isa = PBXResourcesBuildPhase;
			buildActionMask = 2147483647;
			files = (
			);
			runOnlyForDeploymentPostprocessing = 0;
		};
/* End PBXResourcesBuildPhase section */

/* Begin PBXSourcesBuildPhase section */
		2D1D7CA32EBAB593009ED1C4 /* Sources */ = {
			isa = PBXSourcesBuildPhase;
			buildActionMask = 2147483647;
			files = (
			);
			runOnlyForDeploymentPostprocessing = 0;
		};
		2D1D7CB22EBAB594009ED1C4 /* Sources */ = {
			isa = PBXSourcesBuildPhase;
			buildActionMask = 2147483647;
			files = (
			);
			runOnlyForDeploymentPostprocessing = 0;
		};
		2D1D7CBC2EBAB594009ED1C4 /* Sources */ = {
			isa = PBXSourcesBuildPhase;
			buildActionMask = 2147483647;
			files = (
			);
			runOnlyForDeploymentPostprocessing = 0;
		};
		2D3FFAB32EBA571900EC2D08 /* Sources */ = {
			isa = PBXSourcesBuildPhase;
			buildActionMask = 2147483647;
			files = (
			);
			runOnlyForDeploymentPostprocessing = 0;
		};
		2D3FFAC12EBA571900EC2D08 /* Sources */ = {
			isa = PBXSourcesBuildPhase;
			buildActionMask = 2147483647;
			files = (
			);
			runOnlyForDeploymentPostprocessing = 0;
		};
		2D3FFACB2EBA571900EC2D08 /* Sources */ = {
			isa = PBXSourcesBuildPhase;
			buildActionMask = 2147483647;
			files = (
			);
			runOnlyForDeploymentPostprocessing = 0;
		};
/* End PBXSourcesBuildPhase section */

/* Begin PBXTargetDependency section */
		2D1D7CB82EBAB594009ED1C4 /* PBXTargetDependency */ = {
			isa = PBXTargetDependency;
			target = 2D1D7CA62EBAB593009ED1C4 /* CodeSpellOracle */;
			targetProxy = 2D1D7CB72EBAB594009ED1C4 /* PBXContainerItemProxy */;
		};
		2D1D7CC22EBAB594009ED1C4 /* PBXTargetDependency */ = {
			isa = PBXTargetDependency;
			target = 2D1D7CA62EBAB593009ED1C4 /* CodeSpellOracle */;
			targetProxy = 2D1D7CC12EBAB594009ED1C4 /* PBXContainerItemProxy */;
		};
		2D3FFAC72EBA571900EC2D08 /* PBXTargetDependency */ = {
			isa = PBXTargetDependency;
			target = 2D3FFAB62EBA571900EC2D08 /* CodeSpellOracle */;
			targetProxy = 2D3FFAC62EBA571900EC2D08 /* PBXContainerItemProxy */;
		};
		2D3FFAD12EBA571900EC2D08 /* PBXTargetDependency */ = {
			isa = PBXTargetDependency;
			target = 2D3FFAB62EBA571900EC2D08 /* CodeSpellOracle */;
			targetProxy = 2D3FFAD02EBA571900EC2D08 /* PBXContainerItemProxy */;
		};
/* End PBXTargetDependency section */

/* Begin XCBuildConfiguration section */
		2D1D7CC92EBAB594009ED1C4 /* Debug */ = {
			isa = XCBuildConfiguration;
			buildSettings = {
				ASSETCATALOG_COMPILER_APPICON_NAME = AppIcon;
				ASSETCATALOG_COMPILER_GLOBAL_ACCENT_COLOR_NAME = AccentColor;
				CLANG_ENABLE_MODULES = YES;
				CODE_SIGN_INJECT_BASE_ENTITLEMENTS = NO;
				CODE_SIGN_STYLE = Automatic;
				COMBINE_HIDPI_IMAGES = YES;
				CURRENT_PROJECT_VERSION = 1;
				ENABLE_PREVIEWS = YES;
				GENERATE_INFOPLIST_FILE = YES;
				INFOPLIST_KEY_NSHumanReadableCopyright = "";
				LD_RUNPATH_SEARCH_PATHS = (
					"$(inherited)",
					"@executable_path/../Frameworks",
				);
				MACOSX_DEPLOYMENT_TARGET = 14.0;
				MARKETING_VERSION = 1.0;
				PRODUCT_BUNDLE_IDENTIFIER = Spiral.CodeSpellOracle;
				PRODUCT_NAME = "$(TARGET_NAME)";
				REGISTER_APP_GROUPS = YES;
				SWIFT_EMIT_LOC_STRINGS = YES;
				SWIFT_OPTIMIZATION_LEVEL = "-Onone";
				SWIFT_VERSION = 5.0;
			};
			name = Debug;
		};
		2D1D7CCA2EBAB594009ED1C4 /* Release */ = {
			isa = XCBuildConfiguration;
			buildSettings = {
				ASSETCATALOG_COMPILER_APPICON_NAME = AppIcon;
				ASSETCATALOG_COMPILER_GLOBAL_ACCENT_COLOR_NAME = AccentColor;
				CLANG_ENABLE_MODULES = YES;
				CODE_SIGN_INJECT_BASE_ENTITLEMENTS = NO;
				CODE_SIGN_STYLE = Automatic;
				COMBINE_HIDPI_IMAGES = YES;
				CURRENT_PROJECT_VERSION = 1;
				ENABLE_PREVIEWS = YES;
				GENERATE_INFOPLIST_FILE = YES;
				INFOPLIST_KEY_NSHumanReadableCopyright = "";
				LD_RUNPATH_SEARCH_PATHS = (
					"$(inherited)",
					"@executable_path/../Frameworks",
				);
				MACOSX_DEPLOYMENT_TARGET = 14.0;
				MARKETING_VERSION = 1.0;
				PRODUCT_BUNDLE_IDENTIFIER = Spiral.CodeSpellOracle;
				PRODUCT_NAME = "$(TARGET_NAME)";
				REGISTER_APP_GROUPS = YES;
				SWIFT_EMIT_LOC_STRINGS = YES;
				SWIFT_VERSION = 5.0;
			};
			name = Release;
		};
		2D1D7CCC2EBAB594009ED1C4 /* Debug */ = {
			isa = XCBuildConfiguration;
			buildSettings = {
				BUNDLE_LOADER = "$(TEST_HOST)";
				CODE_SIGN_STYLE = Automatic;
				CURRENT_PROJECT_VERSION = 1;
				GENERATE_INFOPLIST_FILE = YES;
				MACOSX_DEPLOYMENT_TARGET = 14.0;
				MARKETING_VERSION = 1.0;
				PRODUCT_BUNDLE_IDENTIFIER = Spiral.CodeSpellOracleTests;
				PRODUCT_NAME = "$(TARGET_NAME)";
				SWIFT_EMIT_LOC_STRINGS = NO;
				SWIFT_VERSION = 5.0;
				TEST_HOST = "$(BUILT_PRODUCTS_DIR)/CodeSpellOracle.app/$(BUNDLE_EXECUTABLE_FOLDER_PATH)/CodeSpellOracle";
			};
			name = Debug;
		};
		2D1D7CCD2EBAB594009ED1C4 /* Release */ = {
			isa = XCBuildConfiguration;
			buildSettings = {
				BUNDLE_LOADER = "$(TEST_HOST)";
				CODE_SIGN_STYLE = Automatic;
				CURRENT_PROJECT_VERSION = 1;
				GENERATE_INFOPLIST_FILE = YES;
				MACOSX_DEPLOYMENT_TARGET = 14.0;
				MARKETING_VERSION = 1.0;
				PRODUCT_BUNDLE_IDENTIFIER = Spiral.CodeSpellOracleTests;
				PRODUCT_NAME = "$(TARGET_NAME)";
				SWIFT_EMIT_LOC_STRINGS = NO;
				SWIFT_VERSION = 5.0;
				TEST_HOST = "$(BUILT_PRODUCTS_DIR)/CodeSpellOracle.app/$(BUNDLE_EXECUTABLE_FOLDER_PATH)/CodeSpellOracle";
			};
			name = Release;
		};
		2D1D7CCF2EBAB594009ED1C4 /* Debug */ = {
			isa = XCBuildConfiguration;
			buildSettings = {
				CODE_SIGN_STYLE = Automatic;
				CURRENT_PROJECT_VERSION = 1;
				GENERATE_INFOPLIST_FILE = YES;
				MARKETING_VERSION = 1.0;
				PRODUCT_BUNDLE_IDENTIFIER = Spiral.CodeSpellOracleUITests;
				PRODUCT_NAME = "$(TARGET_NAME)";
				SWIFT_EMIT_LOC_STRINGS = NO;
				SWIFT_VERSION = 5.0;
				TEST_TARGET_NAME = CodeSpellOracle;
			};
			name = Debug;
		};
		2D1D7CD02EBAB594009ED1C4 /* Release */ = {
			isa = XCBuildConfiguration;
			buildSettings = {
				CODE_SIGN_STYLE = Automatic;
				CURRENT_PROJECT_VERSION = 1;
				GENERATE_INFOPLIST_FILE = YES;
				MARKETING_VERSION = 1.0;
				PRODUCT_BUNDLE_IDENTIFIER = Spiral.CodeSpellOracleUITests;
				PRODUCT_NAME = "$(TARGET_NAME)";
				SWIFT_EMIT_LOC_STRINGS = NO;
				SWIFT_VERSION = 5.0;
				TEST_TARGET_NAME = CodeSpellOracle;
			};
			name = Release;
		};
		2D3FFAD72EBA571900EC2D08 /* Debug */ = {
			isa = XCBuildConfiguration;
			buildSettings = {
				ALWAYS_SEARCH_USER_PATHS = NO;
				ASSETCATALOG_COMPILER_GENERATE_SWIFT_ASSET_SYMBOL_EXTENSIONS = YES;
				CLANG_ANALYZER_NONNULL = YES;
				CLANG_ANALYZER_NUMBER_OBJECT_CONVERSION = YES_AGGRESSIVE;
				CLANG_CXX_LANGUAGE_STANDARD = "gnu++20";
				CLANG_ENABLE_MODULES = YES;
				CLANG_ENABLE_OBJC_ARC = YES;
				CLANG_ENABLE_OBJC_WEAK = YES;
				CLANG_WARN_BLOCK_CAPTURE_AUTORELEASING = YES;
				CLANG_WARN_BOOL_CONVERSION = YES;
				CLANG_WARN_COMMA = YES;
				CLANG_WARN_CONSTANT_CONVERSION = YES;
				CLANG_WARN_DEPRECATED_OBJC_IMPLEMENTATIONS = YES;
				CLANG_WARN_DIRECT_OBJC_ISA_USAGE = YES_ERROR;
				CLANG_WARN_DOCUMENTATION_COMMENTS = YES;
				CLANG_WARN_EMPTY_BODY = YES;
				CLANG_WARN_ENUM_CONVERSION = YES;
				CLANG_WARN_INFINITE_RECURSION = YES;
				CLANG_WARN_INT_CONVERSION = YES;
				CLANG_WARN_NON_LITERAL_NULL_CONVERSION = YES;
				CLANG_WARN_OBJC_IMPLICIT_RETAIN_SELF = YES;
				CLANG_WARN_OBJC_LITERAL_CONVERSION = YES;
				CLANG_WARN_OBJC_ROOT_CLASS = YES_ERROR;
				CLANG_WARN_QUOTED_INCLUDE_IN_FRAMEWORK_HEADER = YES;
				CLANG_WARN_RANGE_LOOP_ANALYSIS = YES;
				CLANG_WARN_STRICT_PROTOTYPES = YES;
				CLANG_WARN_SUSPICIOUS_MOVE = YES;
				CLANG_WARN_UNGUARDED_AVAILABILITY = YES_AGGRESSIVE;
				CLANG_WARN_UNREACHABLE_CODE = YES;
				CLANG_WARN__DUPLICATE_METHOD_MATCH = YES;
				COPY_PHASE_STRIP = NO;
				DEBUG_INFORMATION_FORMAT = dwarf;
				ENABLE_STRICT_OBJC_MSGSEND = YES;
				ENABLE_TESTABILITY = YES;
				ENABLE_USER_SCRIPT_SANDBOXING = YES;
				GCC_C_LANGUAGE_STANDARD = gnu17;
				GCC_DYNAMIC_NO_PIC = NO;
				GCC_NO_COMMON_BLOCKS = YES;
				GCC_OPTIMIZATION_LEVEL = 0;
				GCC_PREPROCESSOR_DEFINITIONS = (
					"DEBUG=1",
					"$(inherited)",
				);
				GCC_WARN_64_TO_32_BIT_CONVERSION = YES;
				GCC_WARN_ABOUT_RETURN_TYPE = YES_ERROR;
				GCC_WARN_UNDECLARED_SELECTOR = YES;
				GCC_WARN_UNINITIALIZED_AUTOS = YES_AGGRESSIVE;
				GCC_WARN_UNUSED_FUNCTION = YES;
				GCC_WARN_UNUSED_VARIABLE = YES;
				LOCALIZATION_PREFERS_STRING_CATALOGS = YES;
				MACOSX_DEPLOYMENT_TARGET = 15.5;
				MTL_ENABLE_DEBUG_INFO = INCLUDE_SOURCE;
				MTL_FAST_MATH = YES;
				ONLY_ACTIVE_ARCH = YES;
				SDKROOT = macosx;
				SWIFT_ACTIVE_COMPILATION_CONDITIONS = "DEBUG $(inherited)";
				SWIFT_OPTIMIZATION_LEVEL = "-Onone";
			};
			name = Debug;
		};
		2D3FFAD82EBA571900EC2D08 /* Release */ = {
			isa = XCBuildConfiguration;
			buildSettings = {
				ALWAYS_SEARCH_USER_PATHS = NO;
				ASSETCATALOG_COMPILER_GENERATE_SWIFT_ASSET_SYMBOL_EXTENSIONS = YES;
				CLANG_ANALYZER_NONNULL = YES;
				CLANG_ANALYZER_NUMBER_OBJECT_CONVERSION = YES_AGGRESSIVE;
				CLANG_CXX_LANGUAGE_STANDARD = "gnu++20";
				CLANG_ENABLE_MODULES = YES;
				CLANG_ENABLE_OBJC_ARC = YES;
				CLANG_ENABLE_OBJC_WEAK = YES;
				CLANG_WARN_BLOCK_CAPTURE_AUTORELEASING = YES;
				CLANG_WARN_BOOL_CONVERSION = YES;
				CLANG_WARN_COMMA = YES;
				CLANG_WARN_CONSTANT_CONVERSION = YES;
				CLANG_WARN_DEPRECATED_OBJC_IMPLEMENTATIONS = YES;
				CLANG_WARN_DIRECT_OBJC_ISA_USAGE = YES_ERROR;
				CLANG_WARN_DOCUMENTATION_COMMENTS = YES;
				CLANG_WARN_EMPTY_BODY = YES;
				CLANG_WARN_ENUM_CONVERSION = YES;
				CLANG_WARN_INFINITE_RECURSION = YES;
				CLANG_WARN_INT_CONVERSION = YES;
				CLANG_WARN_NON_LITERAL_NULL_CONVERSION = YES;
				CLANG_WARN_OBJC_IMPLICIT_RETAIN_SELF = YES;
				CLANG_WARN_OBJC_LITERAL_CONVERSION = YES;
				CLANG_WARN_OBJC_ROOT_CLASS = YES_ERROR;
				CLANG_WARN_QUOTED_INCLUDE_IN_FRAMEWORK_HEADER = YES;
				CLANG_WARN_RANGE_LOOP_ANALYSIS = YES;
				CLANG_WARN_STRICT_PROTOTYPES = YES;
				CLANG_WARN_SUSPICIOUS_MOVE = YES;
				CLANG_WARN_UNGUARDED_AVAILABILITY = YES_AGGRESSIVE;
				CLANG_WARN_UNREACHABLE_CODE = YES;
				CLANG_WARN__DUPLICATE_METHOD_MATCH = YES;
				COPY_PHASE_STRIP = NO;
				DEBUG_INFORMATION_FORMAT = "dwarf-with-dsym";
				ENABLE_NS_ASSERTIONS = NO;
				ENABLE_STRICT_OBJC_MSGSEND = YES;
				ENABLE_USER_SCRIPT_SANDBOXING = YES;
				GCC_C_LANGUAGE_STANDARD = gnu17;
				GCC_NO_COMMON_BLOCKS = YES;
				GCC_WARN_64_TO_32_BIT_CONVERSION = YES;
				GCC_WARN_ABOUT_RETURN_TYPE = YES_ERROR;
				GCC_WARN_UNDECLARED_SELECTOR = YES;
				GCC_WARN_UNINITIALIZED_AUTOS = YES_AGGRESSIVE;
				GCC_WARN_UNUSED_FUNCTION = YES;
				GCC_WARN_UNUSED_VARIABLE = YES;
				LOCALIZATION_PREFERS_STRING_CATALOGS = YES;
				MACOSX_DEPLOYMENT_TARGET = 15.5;
				MTL_ENABLE_DEBUG_INFO = NO;
				MTL_FAST_MATH = YES;
				SDKROOT = macosx;
				SWIFT_COMPILATION_MODE = wholemodule;
			};
			name = Release;
		};
		2D3FFADA2EBA571900EC2D08 /* Debug */ = {
			isa = XCBuildConfiguration;
			buildSettings = {
				ASSETCATALOG_COMPILER_APPICON_NAME = AppIcon;
				ASSETCATALOG_COMPILER_GLOBAL_ACCENT_COLOR_NAME = AccentColor;
				CODE_SIGN_INJECT_BASE_ENTITLEMENTS = NO;
				CODE_SIGN_STYLE = Automatic;
				COMBINE_HIDPI_IMAGES = YES;
				CURRENT_PROJECT_VERSION = 1;
				ENABLE_PREVIEWS = YES;
				GENERATE_INFOPLIST_FILE = YES;
				INFOPLIST_KEY_LSApplicationCategoryType = "public.app-category.educational-games";
				INFOPLIST_KEY_NSHumanReadableCopyright = "";
				LD_RUNPATH_SEARCH_PATHS = (
					"$(inherited)",
					"@executable_path/../Frameworks",
				);
				MARKETING_VERSION = 1.0;
				PRODUCT_BUNDLE_IDENTIFIER = "Spiral.CodeSpellOracle";
				PRODUCT_NAME = "$(TARGET_NAME)";
				REGISTER_APP_GROUPS = YES;
				SWIFT_EMIT_LOC_STRINGS = YES;
				SWIFT_VERSION = 5.0;
			};
			name = Debug;
		};
		2D3FFADB2EBA571900EC2D08 /* Release */ = {
			isa = XCBuildConfiguration;
			buildSettings = {
				ASSETCATALOG_COMPILER_APPICON_NAME = AppIcon;
				ASSETCATALOG_COMPILER_GLOBAL_ACCENT_COLOR_NAME = AccentColor;
				CODE_SIGN_INJECT_BASE_ENTITLEMENTS = NO;
				CODE_SIGN_STYLE = Automatic;
				COMBINE_HIDPI_IMAGES = YES;
				CURRENT_PROJECT_VERSION = 1;
				ENABLE_PREVIEWS = YES;
				GENERATE_INFOPLIST_FILE = YES;
				INFOPLIST_KEY_LSApplicationCategoryType = "public.app-category.educational-games";
				INFOPLIST_KEY_NSHumanReadableCopyright = "";
				LD_RUNPATH_SEARCH_PATHS = (
					"$(inherited)",
					"@executable_path/../Frameworks",
				);
				MARKETING_VERSION = 1.0;
				PRODUCT_BUNDLE_IDENTIFIER = "Spiral.CodeSpellOracle";
				PRODUCT_NAME = "$(TARGET_NAME)";
				REGISTER_APP_GROUPS = YES;
				SWIFT_EMIT_LOC_STRINGS = YES;
				SWIFT_VERSION = 5.0;
			};
			name = Release;
		};
		2D3FFADD2EBA571900EC2D08 /* Debug */ = {
			isa = XCBuildConfiguration;
			buildSettings = {
				BUNDLE_LOADER = "$(TEST_HOST)";
				CODE_SIGN_INJECT_BASE_ENTITLEMENTS = NO;
				CODE_SIGN_STYLE = Automatic;
				CURRENT_PROJECT_VERSION = 1;
				GENERATE_INFOPLIST_FILE = YES;
				MACOSX_DEPLOYMENT_TARGET = 15.5;
				MARKETING_VERSION = 1.0;
				PRODUCT_BUNDLE_IDENTIFIER = "Spiral.CodeSpellOracleTests";
				PRODUCT_NAME = "$(TARGET_NAME)";
				SWIFT_EMIT_LOC_STRINGS = NO;
				SWIFT_VERSION = 5.0;
				TEST_HOST = "$(BUILT_PRODUCTS_DIR)/CodeSpellOracle.app/$(BUNDLE_EXECUTABLE_FOLDER_PATH)/CodeSpellOracle";
			};
			name = Debug;
		};
		2D3FFADE2EBA571900EC2D08 /* Release */ = {
			isa = XCBuildConfiguration;
			buildSettings = {
				BUNDLE_LOADER = "$(TEST_HOST)";
				CODE_SIGN_INJECT_BASE_ENTITLEMENTS = NO;
				CODE_SIGN_STYLE = Automatic;
				CURRENT_PROJECT_VERSION = 1;
				GENERATE_INFOPLIST_FILE = YES;
				MACOSX_DEPLOYMENT_TARGET = 15.5;
				MARKETING_VERSION = 1.0;
				PRODUCT_BUNDLE_IDENTIFIER = "Spiral.CodeSpellOracleTests";
				PRODUCT_NAME = "$(TARGET_NAME)";
				SWIFT_EMIT_LOC_STRINGS = NO;
				SWIFT_VERSION = 5.0;
				TEST_HOST = "$(BUILT_PRODUCTS_DIR)/CodeSpellOracle.app/$(BUNDLE_EXECUTABLE_FOLDER_PATH)/CodeSpellOracle";
			};
			name = Release;
		};
		2D3FFAE02EBA571900EC2D08 /* Debug */ = {
			isa = XCBuildConfiguration;
			buildSettings = {
				CODE_SIGN_INJECT_BASE_ENTITLEMENTS = NO;
				CODE_SIGN_STYLE = Automatic;
				CURRENT_PROJECT_VERSION = 1;
				GENERATE_INFOPLIST_FILE = YES;
				MARKETING_VERSION = 1.0;
				PRODUCT_BUNDLE_IDENTIFIER = "Spiral.CodeSpellOracleUITests";
				PRODUCT_NAME = "$(TARGET_NAME)";
				SWIFT_EMIT_LOC_STRINGS = NO;
				SWIFT_VERSION = 5.0;
				TEST_TARGET_NAME = "CodeSpellOracle";
			};
			name = Debug;
		};
		2D3FFAE12EBA571900EC2D08 /* Release */ = {
			isa = XCBuildConfiguration;
			buildSettings = {
				CODE_SIGN_INJECT_BASE_ENTITLEMENTS = NO;
				CODE_SIGN_STYLE = Automatic;
				CURRENT_PROJECT_VERSION = 1;
				GENERATE_INFOPLIST_FILE = YES;
				MARKETING_VERSION = 1.0;
				PRODUCT_BUNDLE_IDENTIFIER = "Spiral.CodeSpellOracleUITests";
				PRODUCT_NAME = "$(TARGET_NAME)";
				SWIFT_EMIT_LOC_STRINGS = NO;
				SWIFT_VERSION = 5.0;
				TEST_TARGET_NAME = "CodeSpellOracle";
			};
			name = Release;
		};
/* End XCBuildConfiguration section */

/* Begin XCConfigurationList section */
		2D1D7CC82EBAB594009ED1C4 /* Build configuration list for PBXNativeTarget "CodeSpellOracle" */ = {
			isa = XCConfigurationList;
			buildConfigurations = (
				2D1D7CC92EBAB594009ED1C4 /* Debug */,
				2D1D7CCA2EBAB594009ED1C4 /* Release */,
			);
			defaultConfigurationIsVisible = 0;
			defaultConfigurationName = Release;
		};
		2D1D7CCB2EBAB594009ED1C4 /* Build configuration list for PBXNativeTarget "CodeSpellOracleTests" */ = {
			isa = XCConfigurationList;
			buildConfigurations = (
				2D1D7CCC2EBAB594009ED1C4 /* Debug */,
				2D1D7CCD2EBAB594009ED1C4 /* Release */,
			);
			defaultConfigurationIsVisible = 0;
			defaultConfigurationName = Release;
		};
		2D1D7CCE2EBAB594009ED1C4 /* Build configuration list for PBXNativeTarget "CodeSpellOracleUITests" */ = {
			isa = XCConfigurationList;
			buildConfigurations = (
				2D1D7CCF2EBAB594009ED1C4 /* Debug */,
				2D1D7CD02EBAB594009ED1C4 /* Release */,
			);
			defaultConfigurationIsVisible = 0;
			defaultConfigurationName = Release;
		};
		2D3FFAB22EBA571800EC2D08 /* Build configuration list for PBXProject "CodeSpellOracle" */ = {
			isa = XCConfigurationList;
			buildConfigurations = (
				2D3FFAD72EBA571900EC2D08 /* Debug */,
				2D3FFAD82EBA571900EC2D08 /* Release */,
			);
			defaultConfigurationIsVisible = 0;
			defaultConfigurationName = Release;
		};
		2D3FFAD92EBA571900EC2D08 /* Build configuration list for PBXNativeTarget "CodeSpellOracle" */ = {
			isa = XCConfigurationList;
			buildConfigurations = (
				2D3FFADA2EBA571900EC2D08 /* Debug */,
				2D3FFADB2EBA571900EC2D08 /* Release */,
			);
			defaultConfigurationIsVisible = 0;
			defaultConfigurationName = Release;
		};
		2D3FFADC2EBA571900EC2D08 /* Build configuration list for PBXNativeTarget "CodeSpellOracleTests" */ = {
			isa = XCConfigurationList;
			buildConfigurations = (
				2D3FFADD2EBA571900EC2D08 /* Debug */,
				2D3FFADE2EBA571900EC2D08 /* Release */,
			);
			defaultConfigurationIsVisible = 0;
			defaultConfigurationName = Release;
		};
		2D3FFADF2EBA571900EC2D08 /* Build configuration list for PBXNativeTarget "CodeSpellOracleUITests" */ = {
			isa = XCConfigurationList;
			buildConfigurations = (
				2D3FFAE02EBA571900EC2D08 /* Debug */,
				2D3FFAE12EBA571900EC2D08 /* Release */,
			);
			defaultConfigurationIsVisible = 0;
			defaultConfigurationName = Release;
		};
/* End XCConfigurationList section */
	};
	rootObject = 2D3FFAAF2EBA571800EC2D08 /* Project object */;
}
